// !$*UTF8*$!
{
	archiveVersion = 1;
	classes = {
	};
	objectVersion = 77;
	objects = {

/* Begin PBXBuildFile section */
		BA5C46E62F1BF3F400414201 /* WidgetKit.framework in Frameworks */ = {isa = PBXBuildFile; fileRef = BA5C46C72F1BF38300414201 /* WidgetKit.framework */; };
		BA5C46E72F1BF3F400414201 /* SwiftUI.framework in Frameworks */ = {isa = PBXBuildFile; fileRef = BA5C46C92F1BF38400414201 /* SwiftUI.framework */; };
		BA5C46F62F1BF3F600414201 /* TodoWidgetExtension.appex in Embed Foundation Extensions */ = {isa = PBXBuildFile; fileRef = BA5C46E52F1BF3F400414201 /* TodoWidgetExtension.appex */; settings = {ATTRIBUTES = (CodeSignOnCopy, RemoveHeadersOnCopy, ); }; };
/* End PBXBuildFile section */

/* Begin PBXContainerItemProxy section */
		BA5C46F42F1BF3F600414201 /* PBXContainerItemProxy */ = {
			isa = PBXContainerItemProxy;
			containerPortal = BA67DDE72F100A0C00791A52 /* Project object */;
			proxyType = 1;
			remoteGlobalIDString = BA5C46E42F1BF3F400414201;
			remoteInfo = TodoWidgetExtension;
		};
		BA67DDFF2F100A0D00791A52 /* PBXContainerItemProxy */ = {
			isa = PBXContainerItemProxy;
			containerPortal = BA67DDE72F100A0C00791A52 /* Project object */;
			proxyType = 1;
			remoteGlobalIDString = BA67DDEE2F100A0C00791A52;
			remoteInfo = "To-Do Duck";
		};
		BA67DE092F100A0D00791A52 /* PBXContainerItemProxy */ = {
			isa = PBXContainerItemProxy;
			containerPortal = BA67DDE72F100A0C00791A52 /* Project object */;
			proxyType = 1;
			remoteGlobalIDString = BA67DDEE2F100A0C00791A52;
			remoteInfo = "To-Do Duck";
		};
/* End PBXContainerItemProxy section */

/* Begin PBXCopyFilesBuildPhase section */
		BA5C46DC2F1BF38500414201 /* Embed Foundation Extensions */ = {
			isa = PBXCopyFilesBuildPhase;
			buildActionMask = 2147483647;
			dstPath = "";
			dstSubfolderSpec = 13;
			files = (
				BA5C46F62F1BF3F600414201 /* TodoWidgetExtension.appex in Embed Foundation Extensions */,
			);
			name = "Embed Foundation Extensions";
			runOnlyForDeploymentPostprocessing = 0;
		};
/* End PBXCopyFilesBuildPhase section */

/* Begin PBXFileReference section */
		BA5C46C72F1BF38300414201 /* WidgetKit.framework */ = {isa = PBXFileReference; lastKnownFileType = wrapper.framework; name = WidgetKit.framework; path = System/Library/Frameworks/WidgetKit.framework; sourceTree = SDKROOT; };
		BA5C46C92F1BF38400414201 /* SwiftUI.framework */ = {isa = PBXFileReference; lastKnownFileType = wrapper.framework; name = SwiftUI.framework; path = System/Library/Frameworks/SwiftUI.framework; sourceTree = SDKROOT; };
		BA5C46E52F1BF3F400414201 /* TodoWidgetExtension.appex */ = {isa = PBXFileReference; explicitFileType = "wrapper.app-extension"; includeInIndex = 0; path = TodoWidgetExtension.appex; sourceTree = BUILT_PRODUCTS_DIR; };
		BA5C46FE2F1BF5A200414201 /* TodoWidgetExtension.entitlements */ = {isa = PBXFileReference; lastKnownFileType = text.plist.entitlements; path = TodoWidgetExtension.entitlements; sourceTree = "<group>"; };
		BA67DDEF2F100A0C00791A52 /* To-Do Duct.app */ = {isa = PBXFileReference; explicitFileType = wrapper.application; includeInIndex = 0; path = "To-Do Duct.app"; sourceTree = BUILT_PRODUCTS_DIR; };
		BA67DDFE2F100A0D00791A52 /* To-Do DuckTests.xctest */ = {isa = PBXFileReference; explicitFileType = wrapper.cfbundle; includeInIndex = 0; path = "To-Do DuckTests.xctest"; sourceTree = BUILT_PRODUCTS_DIR; };
		BA67DE082F100A0D00791A52 /* To-Do DuckUITests.xctest */ = {isa = PBXFileReference; explicitFileType = wrapper.cfbundle; includeInIndex = 0; path = "To-Do DuckUITests.xctest"; sourceTree = BUILT_PRODUCTS_DIR; };
/* End PBXFileReference section */

/* Begin PBXFileSystemSynchronizedBuildFileExceptionSet section */
		BA5C46F72F1BF3F600414201 /* Exceptions for "TodoWidget" folder in "TodoWidgetExtension" target */ = {
			isa = PBXFileSystemSynchronizedBuildFileExceptionSet;
			membershipExceptions = (
				Info.plist,
			);
			target = BA5C46E42F1BF3F400414201 /* TodoWidgetExtension */;
		};
		BA5C47002F1BF64C00414201 /* Exceptions for "To-Do Duck" folder in "TodoWidgetExtension" target */ = {
			isa = PBXFileSystemSynchronizedBuildFileExceptionSet;
			membershipExceptions = (
				Design/DesignSystem.swift,
				Models/DailyCard.swift,
				Models/MemoCard.swift,
				Models/TodoItem.swift,
			);
			target = BA5C46E42F1BF3F400414201 /* TodoWidgetExtension */;
		};
/* End PBXFileSystemSynchronizedBuildFileExceptionSet section */

/* Begin PBXFileSystemSynchronizedRootGroup section */
		BA5C46E82F1BF3F400414201 /* TodoWidget */ = {
			isa = PBXFileSystemSynchronizedRootGroup;
			exceptions = (
				BA5C46F72F1BF3F600414201 /* Exceptions for "TodoWidget" folder in "TodoWidgetExtension" target */,
			);
			path = TodoWidget;
			sourceTree = "<group>";
		};
		BA67DDF12F100A0C00791A52 /* To-Do Duck */ = {
			isa = PBXFileSystemSynchronizedRootGroup;
			exceptions = (
				BA5C47002F1BF64C00414201 /* Exceptions for "To-Do Duck" folder in "TodoWidgetExtension" target */,
			);
			path = "To-Do Duck";
			sourceTree = "<group>";
		};
		BA67DE012F100A0D00791A52 /* To-Do DuckTests */ = {
			isa = PBXFileSystemSynchronizedRootGroup;
			path = "To-Do DuckTests";
			sourceTree = "<group>";
		};
		BA67DE0B2F100A0D00791A52 /* To-Do DuckUITests */ = {
			isa = PBXFileSystemSynchronizedRootGroup;
			path = "To-Do DuckUITests";
			sourceTree = "<group>";
		};
/* End PBXFileSystemSynchronizedRootGroup section */

/* Begin PBXFrameworksBuildPhase section */
		BA5C46E22F1BF3F400414201 /* Frameworks */ = {
			isa = PBXFrameworksBuildPhase;
			buildActionMask = 2147483647;
			files = (
				BA5C46E72F1BF3F400414201 /* SwiftUI.framework in Frameworks */,
				BA5C46E62F1BF3F400414201 /* WidgetKit.framework in Frameworks */,
			);
			runOnlyForDeploymentPostprocessing = 0;
		};
		BA67DDEC2F100A0C00791A52 /* Frameworks */ = {
			isa = PBXFrameworksBuildPhase;
			buildActionMask = 2147483647;
			files = (
			);
			runOnlyForDeploymentPostprocessing = 0;
		};
		BA67DDFB2F100A0D00791A52 /* Frameworks */ = {
			isa = PBXFrameworksBuildPhase;
			buildActionMask = 2147483647;
			files = (
			);
			runOnlyForDeploymentPostprocessing = 0;
		};
		BA67DE052F100A0D00791A52 /* Frameworks */ = {
			isa = PBXFrameworksBuildPhase;
			buildActionMask = 2147483647;
			files = (
			);
			runOnlyForDeploymentPostprocessing = 0;
		};
/* End PBXFrameworksBuildPhase section */

/* Begin PBXGroup section */
		BA5C46C62F1BF38300414201 /* Frameworks */ = {
			isa = PBXGroup;
			children = (
				BA5C46C72F1BF38300414201 /* WidgetKit.framework */,
				BA5C46C92F1BF38400414201 /* SwiftUI.framework */,
			);
			name = Frameworks;
			sourceTree = "<group>";
		};
		BA67DDE62F100A0C00791A52 = {
			isa = PBXGroup;
			children = (
				BA5C46FE2F1BF5A200414201 /* TodoWidgetExtension.entitlements */,
				BA67DDF12F100A0C00791A52 /* To-Do Duck */,
				BA67DE012F100A0D00791A52 /* To-Do DuckTests */,
				BA67DE0B2F100A0D00791A52 /* To-Do DuckUITests */,
				BA5C46E82F1BF3F400414201 /* TodoWidget */,
				BA5C46C62F1BF38300414201 /* Frameworks */,
				BA67DDF02F100A0C00791A52 /* Products */,
			);
			sourceTree = "<group>";
		};
		BA67DDF02F100A0C00791A52 /* Products */ = {
			isa = PBXGroup;
			children = (
				BA67DDEF2F100A0C00791A52 /* To-Do Duct.app */,
				BA67DDFE2F100A0D00791A52 /* To-Do DuckTests.xctest */,
				BA67DE082F100A0D00791A52 /* To-Do DuckUITests.xctest */,
				BA5C46E52F1BF3F400414201 /* TodoWidgetExtension.appex */,
			);
			name = Products;
			sourceTree = "<group>";
		};
/* End PBXGroup section */

/* Begin PBXNativeTarget section */
		BA5C46E42F1BF3F400414201 /* TodoWidgetExtension */ = {
			isa = PBXNativeTarget;
			buildConfigurationList = BA5C46F82F1BF3F600414201 /* Build configuration list for PBXNativeTarget "TodoWidgetExtension" */;
			buildPhases = (
				BA5C46E12F1BF3F400414201 /* Sources */,
				BA5C46E22F1BF3F400414201 /* Frameworks */,
				BA5C46E32F1BF3F400414201 /* Resources */,
			);
			buildRules = (
			);
			dependencies = (
			);
			fileSystemSynchronizedGroups = (
				BA5C46E82F1BF3F400414201 /* TodoWidget */,
			);
			name = TodoWidgetExtension;
			packageProductDependencies = (
			);
			productName = TodoWidgetExtension;
			productReference = BA5C46E52F1BF3F400414201 /* TodoWidgetExtension.appex */;
			productType = "com.apple.product-type.app-extension";
		};
		BA67DDEE2F100A0C00791A52 /* To-Do Duct */ = {
			isa = PBXNativeTarget;
			buildConfigurationList = BA67DE122F100A0D00791A52 /* Build configuration list for PBXNativeTarget "To-Do Duct" */;
			buildPhases = (
				BA67DDEB2F100A0C00791A52 /* Sources */,
				BA67DDEC2F100A0C00791A52 /* Frameworks */,
				BA67DDED2F100A0C00791A52 /* Resources */,
				BA5C46DC2F1BF38500414201 /* Embed Foundation Extensions */,
			);
			buildRules = (
			);
			dependencies = (
				BA5C46F52F1BF3F600414201 /* PBXTargetDependency */,
			);
			fileSystemSynchronizedGroups = (
				BA67DDF12F100A0C00791A52 /* To-Do Duck */,
			);
			name = "To-Do Duct";
			packageProductDependencies = (
			);
			productName = "To-Do Duck";
			productReference = BA67DDEF2F100A0C00791A52 /* To-Do Duct.app */;
			productType = "com.apple.product-type.application";
		};
		BA67DDFD2F100A0D00791A52 /* To-Do DuckTests */ = {
			isa = PBXNativeTarget;
			buildConfigurationList = BA67DE152F100A0D00791A52 /* Build configuration list for PBXNativeTarget "To-Do DuckTests" */;
			buildPhases = (
				BA67DDFA2F100A0D00791A52 /* Sources */,
				BA67DDFB2F100A0D00791A52 /* Frameworks */,
				BA67DDFC2F100A0D00791A52 /* Resources */,
			);
			buildRules = (
			);
			dependencies = (
				BA67DE002F100A0D00791A52 /* PBXTargetDependency */,
			);
			fileSystemSynchronizedGroups = (
				BA67DE012F100A0D00791A52 /* To-Do DuckTests */,
			);
			name = "To-Do DuckTests";
			packageProductDependencies = (
			);
			productName = "To-Do DuckTests";
			productReference = BA67DDFE2F100A0D00791A52 /* To-Do DuckTests.xctest */;
			productType = "com.apple.product-type.bundle.unit-test";
		};
		BA67DE072F100A0D00791A52 /* To-Do DuckUITests */ = {
			isa = PBXNativeTarget;
			buildConfigurationList = BA67DE182F100A0D00791A52 /* Build configuration list for PBXNativeTarget "To-Do DuckUITests" */;
			buildPhases = (
				BA67DE042F100A0D00791A52 /* Sources */,
				BA67DE052F100A0D00791A52 /* Frameworks */,
				BA67DE062F100A0D00791A52 /* Resources */,
			);
			buildRules = (
			);
			dependencies = (
				BA67DE0A2F100A0D00791A52 /* PBXTargetDependency */,
			);
			fileSystemSynchronizedGroups = (
				BA67DE0B2F100A0D00791A52 /* To-Do DuckUITests */,
			);
			name = "To-Do DuckUITests";
			packageProductDependencies = (
			);
			productName = "To-Do DuckUITests";
			productReference = BA67DE082F100A0D00791A52 /* To-Do DuckUITests.xctest */;
			productType = "com.apple.product-type.bundle.ui-testing";
		};
/* End PBXNativeTarget section */

/* Begin PBXProject section */
		BA67DDE72F100A0C00791A52 /* Project object */ = {
			isa = PBXProject;
			attributes = {
				BuildIndependentTargetsInParallel = 1;
				LastSwiftUpdateCheck = 2620;
				LastUpgradeCheck = 2620;
				TargetAttributes = {
					BA5C46E42F1BF3F400414201 = {
						CreatedOnToolsVersion = 26.2;
					};
					BA67DDEE2F100A0C00791A52 = {
						CreatedOnToolsVersion = 26.2;
					};
					BA67DDFD2F100A0D00791A52 = {
						CreatedOnToolsVersion = 26.2;
						TestTargetID = BA67DDEE2F100A0C00791A52;
					};
					BA67DE072F100A0D00791A52 = {
						CreatedOnToolsVersion = 26.2;
						TestTargetID = BA67DDEE2F100A0C00791A52;
					};
				};
			};
			buildConfigurationList = BA67DDEA2F100A0C00791A52 /* Build configuration list for PBXProject "To-Do Duck" */;
			developmentRegion = en;
			hasScannedForEncodings = 0;
			knownRegions = (
				en,
				Base,
			);
			mainGroup = BA67DDE62F100A0C00791A52;
			minimizedProjectReferenceProxies = 1;
			preferredProjectObjectVersion = 77;
			productRefGroup = BA67DDF02F100A0C00791A52 /* Products */;
			projectDirPath = "";
			projectRoot = "";
			targets = (
				BA67DDEE2F100A0C00791A52 /* To-Do Duct */,
				BA67DDFD2F100A0D00791A52 /* To-Do DuckTests */,
				BA67DE072F100A0D00791A52 /* To-Do DuckUITests */,
				BA5C46E42F1BF3F400414201 /* TodoWidgetExtension */,
			);
		};
/* End PBXProject section */

/* Begin PBXResourcesBuildPhase section */
		BA5C46E32F1BF3F400414201 /* Resources */ = {
			isa = PBXResourcesBuildPhase;
			buildActionMask = 2147483647;
			files = (
			);
			runOnlyForDeploymentPostprocessing = 0;
		};
		BA67DDED2F100A0C00791A52 /* Resources */ = {
			isa = PBXResourcesBuildPhase;
			buildActionMask = 2147483647;
			files = (
			);
			runOnlyForDeploymentPostprocessing = 0;
		};
		BA67DDFC2F100A0D00791A52 /* Resources */ = {
			isa = PBXResourcesBuildPhase;
			buildActionMask = 2147483647;
			files = (
			);
			runOnlyForDeploymentPostprocessing = 0;
		};
		BA67DE062F100A0D00791A52 /* Resources */ = {
			isa = PBXResourcesBuildPhase;
			buildActionMask = 2147483647;
			files = (
			);
			runOnlyForDeploymentPostprocessing = 0;
		};
/* End PBXResourcesBuildPhase section */

/* Begin PBXSourcesBuildPhase section */
		BA5C46E12F1BF3F400414201 /* Sources */ = {
			isa = PBXSourcesBuildPhase;
			buildActionMask = 2147483647;
			files = (
			);
			runOnlyForDeploymentPostprocessing = 0;
		};
		BA67DDEB2F100A0C00791A52 /* Sources */ = {
			isa = PBXSourcesBuildPhase;
			buildActionMask = 2147483647;
			files = (
			);
			runOnlyForDeploymentPostprocessing = 0;
		};
		BA67DDFA2F100A0D00791A52 /* Sources */ = {
			isa = PBXSourcesBuildPhase;
			buildActionMask = 2147483647;
			files = (
			);
			runOnlyForDeploymentPostprocessing = 0;
		};
		BA67DE042F100A0D00791A52 /* Sources */ = {
			isa = PBXSourcesBuildPhase;
			buildActionMask = 2147483647;
			files = (
			);
			runOnlyForDeploymentPostprocessing = 0;
		};
/* End PBXSourcesBuildPhase section */

/* Begin PBXTargetDependency section */
		BA5C46F52F1BF3F600414201 /* PBXTargetDependency */ = {
			isa = PBXTargetDependency;
			target = BA5C46E42F1BF3F400414201 /* TodoWidgetExtension */;
			targetProxy = BA5C46F42F1BF3F600414201 /* PBXContainerItemProxy */;
		};
		BA67DE002F100A0D00791A52 /* PBXTargetDependency */ = {
			isa = PBXTargetDependency;
			target = BA67DDEE2F100A0C00791A52 /* To-Do Duct */;
			targetProxy = BA67DDFF2F100A0D00791A52 /* PBXContainerItemProxy */;
		};
		BA67DE0A2F100A0D00791A52 /* PBXTargetDependency */ = {
			isa = PBXTargetDependency;
			target = BA67DDEE2F100A0C00791A52 /* To-Do Duct */;
			targetProxy = BA67DE092F100A0D00791A52 /* PBXContainerItemProxy */;
		};
/* End PBXTargetDependency section */

/* Begin XCBuildConfiguration section */
		BA5C46F92F1BF3F600414201 /* Debug */ = {
			isa = XCBuildConfiguration;
			buildSettings = {
				ASSETCATALOG_COMPILER_GLOBAL_ACCENT_COLOR_NAME = AccentColor;
				ASSETCATALOG_COMPILER_WIDGET_BACKGROUND_COLOR_NAME = WidgetBackground;
				CODE_SIGN_ENTITLEMENTS = TodoWidgetExtension.entitlements;
				CODE_SIGN_IDENTITY = "Apple Development";
				CODE_SIGN_STYLE = Automatic;
				CURRENT_PROJECT_VERSION = 7;
				DEVELOPMENT_TEAM = PT288UG546;
				GENERATE_INFOPLIST_FILE = YES;
				INFOPLIST_FILE = TodoWidget/Info.plist;
				INFOPLIST_KEY_CFBundleDisplayName = TodoWidget;
				INFOPLIST_KEY_NSHumanReadableCopyright = "";
				IPHONEOS_DEPLOYMENT_TARGET = 17.6;
				LD_RUNPATH_SEARCH_PATHS = (
					"$(inherited)",
					"@executable_path/Frameworks",
					"@executable_path/../../Frameworks",
				);
				MACOSX_DEPLOYMENT_TARGET = 14.6;
				MARKETING_VERSION = 2.3;
				PRODUCT_BUNDLE_IDENTIFIER = "sdy.To-Do-Duck.TodoWidget";
				PRODUCT_NAME = "$(TARGET_NAME)";
				PROVISIONING_PROFILE_SPECIFIER = "";
				SKIP_INSTALL = YES;
				STRING_CATALOG_GENERATE_SYMBOLS = YES;
				SUPPORTED_PLATFORMS = "iphoneos iphonesimulator macosx";
				SWIFT_APPROACHABLE_CONCURRENCY = YES;
				SWIFT_EMIT_LOC_STRINGS = YES;
				SWIFT_UPCOMING_FEATURE_MEMBER_IMPORT_VISIBILITY = YES;
				SWIFT_VERSION = 5.0;
				TARGETED_DEVICE_FAMILY = "1,2";
			};
			name = Debug;
		};
		BA5C46FA2F1BF3F600414201 /* Release */ = {
			isa = XCBuildConfiguration;
			buildSettings = {
				ASSETCATALOG_COMPILER_GLOBAL_ACCENT_COLOR_NAME = AccentColor;
				ASSETCATALOG_COMPILER_WIDGET_BACKGROUND_COLOR_NAME = WidgetBackground;
				CODE_SIGN_ENTITLEMENTS = TodoWidgetExtension.entitlements;
				CODE_SIGN_IDENTITY = "Apple Development";
				CODE_SIGN_STYLE = Automatic;
				CURRENT_PROJECT_VERSION = 7;
				DEVELOPMENT_TEAM = PT288UG546;
				GENERATE_INFOPLIST_FILE = YES;
				INFOPLIST_FILE = TodoWidget/Info.plist;
				INFOPLIST_KEY_CFBundleDisplayName = TodoWidget;
				INFOPLIST_KEY_NSHumanReadableCopyright = "";
				IPHONEOS_DEPLOYMENT_TARGET = 17.6;
				LD_RUNPATH_SEARCH_PATHS = (
					"$(inherited)",
					"@executable_path/Frameworks",
					"@executable_path/../../Frameworks",
				);
				MACOSX_DEPLOYMENT_TARGET = 14.6;
				MARKETING_VERSION = 2.3;
				PRODUCT_BUNDLE_IDENTIFIER = "sdy.To-Do-Duck.TodoWidget";
				PRODUCT_NAME = "$(TARGET_NAME)";
				PROVISIONING_PROFILE_SPECIFIER = "";
				SKIP_INSTALL = YES;
				STRING_CATALOG_GENERATE_SYMBOLS = YES;
				SUPPORTED_PLATFORMS = "iphoneos iphonesimulator macosx";
				SWIFT_APPROACHABLE_CONCURRENCY = YES;
				SWIFT_EMIT_LOC_STRINGS = YES;
				SWIFT_UPCOMING_FEATURE_MEMBER_IMPORT_VISIBILITY = YES;
				SWIFT_VERSION = 5.0;
				TARGETED_DEVICE_FAMILY = "1,2";
			};
			name = Release;
		};
		BA67DE102F100A0D00791A52 /* Debug */ = {
			isa = XCBuildConfiguration;
			buildSettings = {
				ALWAYS_SEARCH_USER_PATHS = NO;
				ASSETCATALOG_COMPILER_GENERATE_SWIFT_ASSET_SYMBOL_EXTENSIONS = YES;
				CLANG_ANALYZER_NONNULL = YES;
				CLANG_ANALYZER_NUMBER_OBJECT_CONVERSION = YES_AGGRESSIVE;
				CLANG_CXX_LANGUAGE_STANDARD = "gnu++20";
				CLANG_ENABLE_MODULES = YES;
				CLANG_ENABLE_OBJC_ARC = YES;
				CLANG_ENABLE_OBJC_WEAK = YES;
				CLANG_WARN_BLOCK_CAPTURE_AUTORELEASING = YES;
				CLANG_WARN_BOOL_CONVERSION = YES;
				CLANG_WARN_COMMA = YES;
				CLANG_WARN_CONSTANT_CONVERSION = YES;
				CLANG_WARN_DEPRECATED_OBJC_IMPLEMENTATIONS = YES;
				CLANG_WARN_DIRECT_OBJC_ISA_USAGE = YES_ERROR;
				CLANG_WARN_DOCUMENTATION_COMMENTS = YES;
				CLANG_WARN_EMPTY_BODY = YES;
				CLANG_WARN_ENUM_CONVERSION = YES;
				CLANG_WARN_INFINITE_RECURSION = YES;
				CLANG_WARN_INT_CONVERSION = YES;
				CLANG_WARN_NON_LITERAL_NULL_CONVERSION = YES;
				CLANG_WARN_OBJC_IMPLICIT_RETAIN_SELF = YES;
				CLANG_WARN_OBJC_LITERAL_CONVERSION = YES;
				CLANG_WARN_OBJC_ROOT_CLASS = YES_ERROR;
				CLANG_WARN_QUOTED_INCLUDE_IN_FRAMEWORK_HEADER = YES;
				CLANG_WARN_RANGE_LOOP_ANALYSIS = YES;
				CLANG_WARN_STRICT_PROTOTYPES = YES;
				CLANG_WARN_SUSPICIOUS_MOVE = YES;
				CLANG_WARN_UNGUARDED_AVAILABILITY = YES_AGGRESSIVE;
				CLANG_WARN_UNREACHABLE_CODE = YES;
				CLANG_WARN__DUPLICATE_METHOD_MATCH = YES;
				COPY_PHASE_STRIP = NO;
				DEBUG_INFORMATION_FORMAT = dwarf;
				DEVELOPMENT_TEAM = PT288UG546;
				ENABLE_STRICT_OBJC_MSGSEND = YES;
				ENABLE_TESTABILITY = YES;
				ENABLE_USER_SCRIPT_SANDBOXING = YES;
				GCC_C_LANGUAGE_STANDARD = gnu17;
				GCC_DYNAMIC_NO_PIC = NO;
				GCC_NO_COMMON_BLOCKS = YES;
				GCC_OPTIMIZATION_LEVEL = 0;
				GCC_PREPROCESSOR_DEFINITIONS = (
					"DEBUG=1",
					"$(inherited)",
				);
				GCC_WARN_64_TO_32_BIT_CONVERSION = YES;
				GCC_WARN_ABOUT_RETURN_TYPE = YES_ERROR;
				GCC_WARN_UNDECLARED_SELECTOR = YES;
				GCC_WARN_UNINITIALIZED_AUTOS = YES_AGGRESSIVE;
				GCC_WARN_UNUSED_FUNCTION = YES;
				GCC_WARN_UNUSED_VARIABLE = YES;
				IPHONEOS_DEPLOYMENT_TARGET = 17.6;
				LOCALIZATION_PREFERS_STRING_CATALOGS = YES;
				MTL_ENABLE_DEBUG_INFO = INCLUDE_SOURCE;
				MTL_FAST_MATH = YES;
				ONLY_ACTIVE_ARCH = YES;
				SDKROOT = auto;
				SWIFT_ACTIVE_COMPILATION_CONDITIONS = "DEBUG $(inherited)";
				SWIFT_OPTIMIZATION_LEVEL = "-Onone";
			};
			name = Debug;
		};
		BA67DE112F100A0D00791A52 /* Release */ = {
			isa = XCBuildConfiguration;
			buildSettings = {
				ALWAYS_SEARCH_USER_PATHS = NO;
				ASSETCATALOG_COMPILER_GENERATE_SWIFT_ASSET_SYMBOL_EXTENSIONS = YES;
				CLANG_ANALYZER_NONNULL = YES;
				CLANG_ANALYZER_NUMBER_OBJECT_CONVERSION = YES_AGGRESSIVE;
				CLANG_CXX_LANGUAGE_STANDARD = "gnu++20";
				CLANG_ENABLE_MODULES = YES;
				CLANG_ENABLE_OBJC_ARC = YES;
				CLANG_ENABLE_OBJC_WEAK = YES;
				CLANG_WARN_BLOCK_CAPTURE_AUTORELEASING = YES;
				CLANG_WARN_BOOL_CONVERSION = YES;
				CLANG_WARN_COMMA = YES;
				CLANG_WARN_CONSTANT_CONVERSION = YES;
				CLANG_WARN_DEPRECATED_OBJC_IMPLEMENTATIONS = YES;
				CLANG_WARN_DIRECT_OBJC_ISA_USAGE = YES_ERROR;
				CLANG_WARN_DOCUMENTATION_COMMENTS = YES;
				CLANG_WARN_EMPTY_BODY = YES;
				CLANG_WARN_ENUM_CONVERSION = YES;
				CLANG_WARN_INFINITE_RECURSION = YES;
				CLANG_WARN_INT_CONVERSION = YES;
				CLANG_WARN_NON_LITERAL_NULL_CONVERSION = YES;
				CLANG_WARN_OBJC_IMPLICIT_RETAIN_SELF = YES;
				CLANG_WARN_OBJC_LITERAL_CONVERSION = YES;
				CLANG_WARN_OBJC_ROOT_CLASS = YES_ERROR;
				CLANG_WARN_QUOTED_INCLUDE_IN_FRAMEWORK_HEADER = YES;
				CLANG_WARN_RANGE_LOOP_ANALYSIS = YES;
				CLANG_WARN_STRICT_PROTOTYPES = YES;
				CLANG_WARN_SUSPICIOUS_MOVE = YES;
				CLANG_WARN_UNGUARDED_AVAILABILITY = YES_AGGRESSIVE;
				CLANG_WARN_UNREACHABLE_CODE = YES;
				CLANG_WARN__DUPLICATE_METHOD_MATCH = YES;
				COPY_PHASE_STRIP = NO;
				DEBUG_INFORMATION_FORMAT = "dwarf-with-dsym";
				DEVELOPMENT_TEAM = PT288UG546;
				ENABLE_NS_ASSERTIONS = NO;
				ENABLE_STRICT_OBJC_MSGSEND = YES;
				ENABLE_USER_SCRIPT_SANDBOXING = YES;
				GCC_C_LANGUAGE_STANDARD = gnu17;
				GCC_NO_COMMON_BLOCKS = YES;
				GCC_WARN_64_TO_32_BIT_CONVERSION = YES;
				GCC_WARN_ABOUT_RETURN_TYPE = YES_ERROR;
				GCC_WARN_UNDECLARED_SELECTOR = YES;
				GCC_WARN_UNINITIALIZED_AUTOS = YES_AGGRESSIVE;
				GCC_WARN_UNUSED_FUNCTION = YES;
				GCC_WARN_UNUSED_VARIABLE = YES;
				IPHONEOS_DEPLOYMENT_TARGET = 17.6;
				LOCALIZATION_PREFERS_STRING_CATALOGS = YES;
				MTL_ENABLE_DEBUG_INFO = NO;
				MTL_FAST_MATH = YES;
				SDKROOT = auto;
				SWIFT_COMPILATION_MODE = wholemodule;
				VALIDATE_PRODUCT = YES;
			};
			name = Release;
		};
		BA67DE132F100A0D00791A52 /* Debug */ = {
			isa = XCBuildConfiguration;
			buildSettings = {
				ASSETCATALOG_COMPILER_APPICON_NAME = AppIcon;
				ASSETCATALOG_COMPILER_GLOBAL_ACCENT_COLOR_NAME = AccentColor;
				CODE_SIGN_ENTITLEMENTS = "To-Do Duck/To-Do Duck.entitlements";
				CODE_SIGN_IDENTITY = "Apple Development";
				CODE_SIGN_STYLE = Automatic;
				CURRENT_PROJECT_VERSION = 7;
				DEVELOPMENT_TEAM = PT288UG546;
				ENABLE_APP_SANDBOX = YES;
				ENABLE_HARDENED_RUNTIME = YES;
				ENABLE_OUTGOING_NETWORK_CONNECTIONS = YES;
				ENABLE_PREVIEWS = YES;
				GENERATE_INFOPLIST_FILE = YES;
				INFOPLIST_FILE = "To-Do-Duck-Info.plist";
				INFOPLIST_KEY_UIApplicationSceneManifest_Generation = YES;
				INFOPLIST_KEY_UIApplicationSupportsIndirectInputEvents = YES;
				INFOPLIST_KEY_UILaunchScreen_Generation = YES;
				INFOPLIST_KEY_UISupportedInterfaceOrientations = "UIInterfaceOrientationLandscapeLeft UIInterfaceOrientationLandscapeRight UIInterfaceOrientationPortrait";
				INFOPLIST_KEY_UISupportedInterfaceOrientations_iPad = UIInterfaceOrientationLandscapeRight;
				IPHONEOS_DEPLOYMENT_TARGET = 17.6;
				LD_RUNPATH_SEARCH_PATHS = (
					"$(inherited)",
					"@executable_path/Frameworks",
				);
				MACOSX_DEPLOYMENT_TARGET = 14.6;
				MARKETING_VERSION = 2.3;
				PRODUCT_BUNDLE_IDENTIFIER = "sdy.To-Do-Duck";
				PRODUCT_NAME = "$(TARGET_NAME)";
				PROVISIONING_PROFILE_SPECIFIER = "";
				REGISTER_APP_GROUPS = YES;
				STRING_CATALOG_GENERATE_SYMBOLS = YES;
				SUPPORTED_PLATFORMS = "iphoneos iphonesimulator macosx";
				SUPPORTS_MACCATALYST = NO;
				SUPPORTS_MAC_DESIGNED_FOR_IPHONE_IPAD = NO;
				SUPPORTS_XR_DESIGNED_FOR_IPHONE_IPAD = NO;
				SWIFT_APPROACHABLE_CONCURRENCY = YES;
				SWIFT_DEFAULT_ACTOR_ISOLATION = MainActor;
				SWIFT_EMIT_LOC_STRINGS = YES;
				SWIFT_UPCOMING_FEATURE_MEMBER_IMPORT_VISIBILITY = YES;
				SWIFT_VERSION = 5.0;
				TARGETED_DEVICE_FAMILY = 1;
			};
			name = Debug;
		};
		BA67DE142F100A0D00791A52 /* Release */ = {
			isa = XCBuildConfiguration;
			buildSettings = {
				ASSETCATALOG_COMPILER_APPICON_NAME = AppIcon;
				ASSETCATALOG_COMPILER_GLOBAL_ACCENT_COLOR_NAME = AccentColor;
				CODE_SIGN_ENTITLEMENTS = "To-Do Duck/To-Do Duck.entitlements";
				CODE_SIGN_IDENTITY = "Apple Development";
				CODE_SIGN_STYLE = Automatic;
				CURRENT_PROJECT_VERSION = 7;
				DEVELOPMENT_TEAM = PT288UG546;
				ENABLE_APP_SANDBOX = YES;
				ENABLE_HARDENED_RUNTIME = YES;
				ENABLE_OUTGOING_NETWORK_CONNECTIONS = YES;
				ENABLE_PREVIEWS = YES;
				GENERATE_INFOPLIST_FILE = YES;
				INFOPLIST_FILE = "To-Do-Duck-Info.plist";
				INFOPLIST_KEY_UIApplicationSceneManifest_Generation = YES;
				INFOPLIST_KEY_UIApplicationSupportsIndirectInputEvents = YES;
				INFOPLIST_KEY_UILaunchScreen_Generation = YES;
				INFOPLIST_KEY_UISupportedInterfaceOrientations = "UIInterfaceOrientationLandscapeLeft UIInterfaceOrientationLandscapeRight UIInterfaceOrientationPortrait";
				INFOPLIST_KEY_UISupportedInterfaceOrientations_iPad = UIInterfaceOrientationLandscapeRight;
				IPHONEOS_DEPLOYMENT_TARGET = 17.6;
				LD_RUNPATH_SEARCH_PATHS = (
					"$(inherited)",
					"@executable_path/Frameworks",
				);
				MACOSX_DEPLOYMENT_TARGET = 14.6;
				MARKETING_VERSION = 2.3;
				PRODUCT_BUNDLE_IDENTIFIER = "sdy.To-Do-Duck";
				PRODUCT_NAME = "$(TARGET_NAME)";
				PROVISIONING_PROFILE_SPECIFIER = "";
				REGISTER_APP_GROUPS = YES;
				STRING_CATALOG_GENERATE_SYMBOLS = YES;
				SUPPORTED_PLATFORMS = "iphoneos iphonesimulator macosx";
				SUPPORTS_MACCATALYST = NO;
				SUPPORTS_MAC_DESIGNED_FOR_IPHONE_IPAD = NO;
				SUPPORTS_XR_DESIGNED_FOR_IPHONE_IPAD = NO;
				SWIFT_APPROACHABLE_CONCURRENCY = YES;
				SWIFT_DEFAULT_ACTOR_ISOLATION = MainActor;
				SWIFT_EMIT_LOC_STRINGS = YES;
				SWIFT_UPCOMING_FEATURE_MEMBER_IMPORT_VISIBILITY = YES;
				SWIFT_VERSION = 5.0;
				TARGETED_DEVICE_FAMILY = 1;
			};
			name = Release;
		};
		BA67DE162F100A0D00791A52 /* Debug */ = {
			isa = XCBuildConfiguration;
			buildSettings = {
				BUNDLE_LOADER = "$(TEST_HOST)";
				CODE_SIGN_STYLE = Automatic;
				CURRENT_PROJECT_VERSION = 3;
				DEVELOPMENT_TEAM = PT288UG546;
				GENERATE_INFOPLIST_FILE = YES;
				IPHONEOS_DEPLOYMENT_TARGET = 17.6;
				MARKETING_VERSION = 1.0;
				PRODUCT_BUNDLE_IDENTIFIER = "sdy.To-Do-DuckTests";
				PRODUCT_NAME = "$(TARGET_NAME)";
				STRING_CATALOG_GENERATE_SYMBOLS = NO;
				SWIFT_APPROACHABLE_CONCURRENCY = YES;
				SWIFT_EMIT_LOC_STRINGS = NO;
				SWIFT_UPCOMING_FEATURE_MEMBER_IMPORT_VISIBILITY = YES;
				SWIFT_VERSION = 5.0;
				TARGETED_DEVICE_FAMILY = "1,2";
				TEST_HOST = "$(BUILT_PRODUCTS_DIR)/To-Do Duck.app/$(BUNDLE_EXECUTABLE_FOLDER_PATH)/To-Do Duck";
			};
			name = Debug;
		};
		BA67DE172F100A0D00791A52 /* Release */ = {
			isa = XCBuildConfiguration;
			buildSettings = {
				BUNDLE_LOADER = "$(TEST_HOST)";
				CODE_SIGN_STYLE = Automatic;
				CURRENT_PROJECT_VERSION = 3;
				DEVELOPMENT_TEAM = PT288UG546;
				GENERATE_INFOPLIST_FILE = YES;
				IPHONEOS_DEPLOYMENT_TARGET = 17.6;
				MARKETING_VERSION = 1.0;
				PRODUCT_BUNDLE_IDENTIFIER = "sdy.To-Do-DuckTests";
				PRODUCT_NAME = "$(TARGET_NAME)";
				STRING_CATALOG_GENERATE_SYMBOLS = NO;
				SWIFT_APPROACHABLE_CONCURRENCY = YES;
				SWIFT_EMIT_LOC_STRINGS = NO;
				SWIFT_UPCOMING_FEATURE_MEMBER_IMPORT_VISIBILITY = YES;
				SWIFT_VERSION = 5.0;
				TARGETED_DEVICE_FAMILY = "1,2";
				TEST_HOST = "$(BUILT_PRODUCTS_DIR)/To-Do Duck.app/$(BUNDLE_EXECUTABLE_FOLDER_PATH)/To-Do Duck";
			};
			name = Release;
		};
		BA67DE192F100A0D00791A52 /* Debug */ = {
			isa = XCBuildConfiguration;
			buildSettings = {
				CODE_SIGN_STYLE = Automatic;
				CURRENT_PROJECT_VERSION = 3;
				DEVELOPMENT_TEAM = PT288UG546;
				GENERATE_INFOPLIST_FILE = YES;
				MARKETING_VERSION = 1.0;
				PRODUCT_BUNDLE_IDENTIFIER = "sdy.To-Do-DuckUITests";
				PRODUCT_NAME = "$(TARGET_NAME)";
				STRING_CATALOG_GENERATE_SYMBOLS = NO;
				SWIFT_APPROACHABLE_CONCURRENCY = YES;
				SWIFT_EMIT_LOC_STRINGS = NO;
				SWIFT_UPCOMING_FEATURE_MEMBER_IMPORT_VISIBILITY = YES;
				SWIFT_VERSION = 5.0;
				TARGETED_DEVICE_FAMILY = "1,2";
				TEST_TARGET_NAME = "To-Do Duck";
			};
			name = Debug;
		};
		BA67DE1A2F100A0D00791A52 /* Release */ = {
			isa = XCBuildConfiguration;
			buildSettings = {
				CODE_SIGN_STYLE = Automatic;
				CURRENT_PROJECT_VERSION = 3;
				DEVELOPMENT_TEAM = PT288UG546;
				GENERATE_INFOPLIST_FILE = YES;
				MARKETING_VERSION = 1.0;
				PRODUCT_BUNDLE_IDENTIFIER = "sdy.To-Do-DuckUITests";
				PRODUCT_NAME = "$(TARGET_NAME)";
				STRING_CATALOG_GENERATE_SYMBOLS = NO;
				SWIFT_APPROACHABLE_CONCURRENCY = YES;
				SWIFT_EMIT_LOC_STRINGS = NO;
				SWIFT_UPCOMING_FEATURE_MEMBER_IMPORT_VISIBILITY = YES;
				SWIFT_VERSION = 5.0;
				TARGETED_DEVICE_FAMILY = "1,2";
				TEST_TARGET_NAME = "To-Do Duck";
			};
			name = Release;
		};
/* End XCBuildConfiguration section */

/* Begin XCConfigurationList section */
		BA5C46F82F1BF3F600414201 /* Build configuration list for PBXNativeTarget "TodoWidgetExtension" */ = {
			isa = XCConfigurationList;
			buildConfigurations = (
				BA5C46F92F1BF3F600414201 /* Debug */,
				BA5C46FA2F1BF3F600414201 /* Release */,
			);
			defaultConfigurationIsVisible = 0;
			defaultConfigurationName = Release;
		};
		BA67DDEA2F100A0C00791A52 /* Build configuration list for PBXProject "To-Do Duck" */ = {
			isa = XCConfigurationList;
			buildConfigurations = (
				BA67DE102F100A0D00791A52 /* Debug */,
				BA67DE112F100A0D00791A52 /* Release */,
			);
			defaultConfigurationIsVisible = 0;
			defaultConfigurationName = Release;
		};
		BA67DE122F100A0D00791A52 /* Build configuration list for PBXNativeTarget "To-Do Duct" */ = {
			isa = XCConfigurationList;
			buildConfigurations = (
				BA67DE132F100A0D00791A52 /* Debug */,
				BA67DE142F100A0D00791A52 /* Release */,
			);
			defaultConfigurationIsVisible = 0;
			defaultConfigurationName = Release;
		};
		BA67DE152F100A0D00791A52 /* Build configuration list for PBXNativeTarget "To-Do DuckTests" */ = {
			isa = XCConfigurationList;
			buildConfigurations = (
				BA67DE162F100A0D00791A52 /* Debug */,
				BA67DE172F100A0D00791A52 /* Release */,
			);
			defaultConfigurationIsVisible = 0;
			defaultConfigurationName = Release;
		};
		BA67DE182F100A0D00791A52 /* Build configuration list for PBXNativeTarget "To-Do DuckUITests" */ = {
			isa = XCConfigurationList;
			buildConfigurations = (
				BA67DE192F100A0D00791A52 /* Debug */,
				BA67DE1A2F100A0D00791A52 /* Release */,
			);
			defaultConfigurationIsVisible = 0;
			defaultConfigurationName = Release;
		};
/* End XCConfigurationList section */
	};
	rootObject = BA67DDE72F100A0C00791A52 /* Project object */;
}
